// !$*UTF8*$!
{
	archiveVersion = 1;
	classes = {
	};
	objectVersion = 46;
	objects = {

/* Begin PBXBuildFile section */
		010567E717ECAF1A00315F12 /* UIKit.framework in Frameworks */ = {isa = PBXBuildFile; fileRef = 010567E617ECAF1A00315F12 /* UIKit.framework */; };
		010567E917ECAF1A00315F12 /* Foundation.framework in Frameworks */ = {isa = PBXBuildFile; fileRef = 010567E817ECAF1A00315F12 /* Foundation.framework */; };
		010567EB17ECAF1A00315F12 /* CoreGraphics.framework in Frameworks */ = {isa = PBXBuildFile; fileRef = 010567EA17ECAF1A00315F12 /* CoreGraphics.framework */; };
		010567F117ECAF1A00315F12 /* InfoPlist.strings in Resources */ = {isa = PBXBuildFile; fileRef = 010567EF17ECAF1A00315F12 /* InfoPlist.strings */; };
		010567F317ECAF1A00315F12 /* main.m in Sources */ = {isa = PBXBuildFile; fileRef = 010567F217ECAF1A00315F12 /* main.m */; };
		010567F717ECAF1A00315F12 /* TIAppDelegate.m in Sources */ = {isa = PBXBuildFile; fileRef = 010567F617ECAF1A00315F12 /* TIAppDelegate.m */; };
		010567F917ECAF1A00315F12 /* Default.png in Resources */ = {isa = PBXBuildFile; fileRef = 010567F817ECAF1A00315F12 /* Default.png */; };
		010567FB17ECAF1A00315F12 /* Default@2x.png in Resources */ = {isa = PBXBuildFile; fileRef = 010567FA17ECAF1A00315F12 /* Default@2x.png */; };
		010567FD17ECAF1A00315F12 /* Default-568h@2x.png in Resources */ = {isa = PBXBuildFile; fileRef = 010567FC17ECAF1A00315F12 /* Default-568h@2x.png */; };
		0105680517ECB25100315F12 /* TIMainViewController.m in Sources */ = {isa = PBXBuildFile; fileRef = 0105680417ECB25100315F12 /* TIMainViewController.m */; };
		0128CA5017FA90980004A0DC /* TIWebViewController.m in Sources */ = {isa = PBXBuildFile; fileRef = 0128CA4F17FA90980004A0DC /* TIWebViewController.m */; };
		0128CA5217FA93C80004A0DC /* Reveal.framework in Frameworks */ = {isa = PBXBuildFile; fileRef = 0128CA5117FA93C80004A0DC /* Reveal.framework */; };
		0128CA5417FA944C0004A0DC /* CFNetwork.framework in Frameworks */ = {isa = PBXBuildFile; fileRef = 0128CA5317FA944C0004A0DC /* CFNetwork.framework */; };
		0128CA5617FA94560004A0DC /* QuartzCore.framework in Frameworks */ = {isa = PBXBuildFile; fileRef = 0128CA5517FA94560004A0DC /* QuartzCore.framework */; };
		013FDC9817F5F35200778DC5 /* TIHTTPInputStream.m in Sources */ = {isa = PBXBuildFile; fileRef = 013FDC9717F5F35200778DC5 /* TIHTTPInputStream.m */; };
		01BAA40D17ECB8070068451C /* TICrashTableController.m in Sources */ = {isa = PBXBuildFile; fileRef = 01BAA40C17ECB8070068451C /* TICrashTableController.m */; };
/* End PBXBuildFile section */

/* Begin PBXFileReference section */
		010567E317ECAF1A00315F12 /* TableViewCrasher.app */ = {isa = PBXFileReference; explicitFileType = wrapper.application; includeInIndex = 0; path = TableViewCrasher.app; sourceTree = BUILT_PRODUCTS_DIR; };
		010567E617ECAF1A00315F12 /* UIKit.framework */ = {isa = PBXFileReference; lastKnownFileType = wrapper.framework; name = UIKit.framework; path = System/Library/Frameworks/UIKit.framework; sourceTree = SDKROOT; };
		010567E817ECAF1A00315F12 /* Foundation.framework */ = {isa = PBXFileReference; lastKnownFileType = wrapper.framework; name = Foundation.framework; path = System/Library/Frameworks/Foundation.framework; sourceTree = SDKROOT; };
		010567EA17ECAF1A00315F12 /* CoreGraphics.framework */ = {isa = PBXFileReference; lastKnownFileType = wrapper.framework; name = CoreGraphics.framework; path = System/Library/Frameworks/CoreGraphics.framework; sourceTree = SDKROOT; };
		010567EE17ECAF1A00315F12 /* TableViewCrasher-Info.plist */ = {isa = PBXFileReference; lastKnownFileType = text.plist.xml; path = "TableViewCrasher-Info.plist"; sourceTree = "<group>"; };
		010567F017ECAF1A00315F12 /* en */ = {isa = PBXFileReference; lastKnownFileType = text.plist.strings; name = en; path = en.lproj/InfoPlist.strings; sourceTree = "<group>"; };
		010567F217ECAF1A00315F12 /* main.m */ = {isa = PBXFileReference; lastKnownFileType = sourcecode.c.objc; path = main.m; sourceTree = "<group>"; };
		010567F417ECAF1A00315F12 /* TableViewCrasher-Prefix.pch */ = {isa = PBXFileReference; lastKnownFileType = sourcecode.c.h; path = "TableViewCrasher-Prefix.pch"; sourceTree = "<group>"; };
		010567F517ECAF1A00315F12 /* TIAppDelegate.h */ = {isa = PBXFileReference; lastKnownFileType = sourcecode.c.h; path = TIAppDelegate.h; sourceTree = "<group>"; };
		010567F617ECAF1A00315F12 /* TIAppDelegate.m */ = {isa = PBXFileReference; lastKnownFileType = sourcecode.c.objc; path = TIAppDelegate.m; sourceTree = "<group>"; };
		010567F817ECAF1A00315F12 /* Default.png */ = {isa = PBXFileReference; lastKnownFileType = image.png; path = Default.png; sourceTree = "<group>"; };
		010567FA17ECAF1A00315F12 /* Default@2x.png */ = {isa = PBXFileReference; lastKnownFileType = image.png; path = "Default@2x.png"; sourceTree = "<group>"; };
		010567FC17ECAF1A00315F12 /* Default-568h@2x.png */ = {isa = PBXFileReference; lastKnownFileType = image.png; path = "Default-568h@2x.png"; sourceTree = "<group>"; };
		0105680317ECB25100315F12 /* TIMainViewController.h */ = {isa = PBXFileReference; fileEncoding = 4; lastKnownFileType = sourcecode.c.h; path = TIMainViewController.h; sourceTree = "<group>"; };
		0105680417ECB25100315F12 /* TIMainViewController.m */ = {isa = PBXFileReference; fileEncoding = 4; lastKnownFileType = sourcecode.c.objc; path = TIMainViewController.m; sourceTree = "<group>"; };
		0128CA4E17FA90980004A0DC /* TIWebViewController.h */ = {isa = PBXFileReference; fileEncoding = 4; lastKnownFileType = sourcecode.c.h; path = TIWebViewController.h; sourceTree = "<group>"; };
		0128CA4F17FA90980004A0DC /* TIWebViewController.m */ = {isa = PBXFileReference; fileEncoding = 4; lastKnownFileType = sourcecode.c.objc; path = TIWebViewController.m; sourceTree = "<group>"; };
		0128CA5117FA93C80004A0DC /* Reveal.framework */ = {isa = PBXFileReference; lastKnownFileType = wrapper.framework; name = Reveal.framework; path = TableViewCrasher/Reveal.framework; sourceTree = "<group>"; };
		0128CA5317FA944C0004A0DC /* CFNetwork.framework */ = {isa = PBXFileReference; lastKnownFileType = wrapper.framework; name = CFNetwork.framework; path = System/Library/Frameworks/CFNetwork.framework; sourceTree = SDKROOT; };
		0128CA5517FA94560004A0DC /* QuartzCore.framework */ = {isa = PBXFileReference; lastKnownFileType = wrapper.framework; name = QuartzCore.framework; path = System/Library/Frameworks/QuartzCore.framework; sourceTree = SDKROOT; };
		013FDC9617F5F35200778DC5 /* TIHTTPInputStream.h */ = {isa = PBXFileReference; fileEncoding = 4; lastKnownFileType = sourcecode.c.h; path = TIHTTPInputStream.h; sourceTree = "<group>"; };
		013FDC9717F5F35200778DC5 /* TIHTTPInputStream.m */ = {isa = PBXFileReference; fileEncoding = 4; lastKnownFileType = sourcecode.c.objc; path = TIHTTPInputStream.m; sourceTree = "<group>"; };
		01BAA40B17ECB8070068451C /* TICrashTableController.h */ = {isa = PBXFileReference; fileEncoding = 4; lastKnownFileType = sourcecode.c.h; path = TICrashTableController.h; sourceTree = "<group>"; };
		01BAA40C17ECB8070068451C /* TICrashTableController.m */ = {isa = PBXFileReference; fileEncoding = 4; lastKnownFileType = sourcecode.c.objc; path = TICrashTableController.m; sourceTree = "<group>"; };
/* End PBXFileReference section */

/* Begin PBXFrameworksBuildPhase section */
		010567E017ECAF1A00315F12 /* Frameworks */ = {
			isa = PBXFrameworksBuildPhase;
			buildActionMask = 2147483647;
			files = (
				0128CA5617FA94560004A0DC /* QuartzCore.framework in Frameworks */,
				0128CA5417FA944C0004A0DC /* CFNetwork.framework in Frameworks */,
				010567E717ECAF1A00315F12 /* UIKit.framework in Frameworks */,
				010567E917ECAF1A00315F12 /* Foundation.framework in Frameworks */,
				010567EB17ECAF1A00315F12 /* CoreGraphics.framework in Frameworks */,
				0128CA5217FA93C80004A0DC /* Reveal.framework in Frameworks */,
			);
			runOnlyForDeploymentPostprocessing = 0;
		};
/* End PBXFrameworksBuildPhase section */

/* Begin PBXGroup section */
		010567DA17ECAF1A00315F12 = {
			isa = PBXGroup;
			children = (
				010567EC17ECAF1A00315F12 /* TableViewCrasher */,
				010567E517ECAF1A00315F12 /* Frameworks */,
				010567E417ECAF1A00315F12 /* Products */,
			);
			sourceTree = "<group>";
		};
		010567E417ECAF1A00315F12 /* Products */ = {
			isa = PBXGroup;
			children = (
				010567E317ECAF1A00315F12 /* TableViewCrasher.app */,
			);
			name = Products;
			sourceTree = "<group>";
		};
		010567E517ECAF1A00315F12 /* Frameworks */ = {
			isa = PBXGroup;
			children = (
				0128CA5517FA94560004A0DC /* QuartzCore.framework */,
				0128CA5317FA944C0004A0DC /* CFNetwork.framework */,
				0128CA5117FA93C80004A0DC /* Reveal.framework */,
				010567E617ECAF1A00315F12 /* UIKit.framework */,
				010567E817ECAF1A00315F12 /* Foundation.framework */,
				010567EA17ECAF1A00315F12 /* CoreGraphics.framework */,
			);
			name = Frameworks;
			sourceTree = "<group>";
		};
		010567EC17ECAF1A00315F12 /* TableViewCrasher */ = {
			isa = PBXGroup;
			children = (
				010567F517ECAF1A00315F12 /* TIAppDelegate.h */,
				010567F617ECAF1A00315F12 /* TIAppDelegate.m */,
				010567ED17ECAF1A00315F12 /* Supporting Files */,
				0105680317ECB25100315F12 /* TIMainViewController.h */,
				0105680417ECB25100315F12 /* TIMainViewController.m */,
				01BAA40B17ECB8070068451C /* TICrashTableController.h */,
				01BAA40C17ECB8070068451C /* TICrashTableController.m */,
				013FDC9617F5F35200778DC5 /* TIHTTPInputStream.h */,
				013FDC9717F5F35200778DC5 /* TIHTTPInputStream.m */,
				0128CA4E17FA90980004A0DC /* TIWebViewController.h */,
				0128CA4F17FA90980004A0DC /* TIWebViewController.m */,
			);
			path = TableViewCrasher;
			sourceTree = "<group>";
		};
		010567ED17ECAF1A00315F12 /* Supporting Files */ = {
			isa = PBXGroup;
			children = (
				010567EE17ECAF1A00315F12 /* TableViewCrasher-Info.plist */,
				010567EF17ECAF1A00315F12 /* InfoPlist.strings */,
				010567F217ECAF1A00315F12 /* main.m */,
				010567F417ECAF1A00315F12 /* TableViewCrasher-Prefix.pch */,
				010567F817ECAF1A00315F12 /* Default.png */,
				010567FA17ECAF1A00315F12 /* Default@2x.png */,
				010567FC17ECAF1A00315F12 /* Default-568h@2x.png */,
			);
			name = "Supporting Files";
			sourceTree = "<group>";
		};
/* End PBXGroup section */

/* Begin PBXNativeTarget section */
		010567E217ECAF1A00315F12 /* TableViewCrasher */ = {
			isa = PBXNativeTarget;
			buildConfigurationList = 0105680017ECAF1A00315F12 /* Build configuration list for PBXNativeTarget "TableViewCrasher" */;
			buildPhases = (
				010567DF17ECAF1A00315F12 /* Sources */,
				010567E017ECAF1A00315F12 /* Frameworks */,
				010567E117ECAF1A00315F12 /* Resources */,
			);
			buildRules = (
			);
			dependencies = (
			);
			name = TableViewCrasher;
			productName = TableViewCrasher;
			productReference = 010567E317ECAF1A00315F12 /* TableViewCrasher.app */;
			productType = "com.apple.product-type.application";
		};
/* End PBXNativeTarget section */

/* Begin PBXProject section */
		010567DB17ECAF1A00315F12 /* Project object */ = {
			isa = PBXProject;
			attributes = {
				CLASSPREFIX = TI;
				LastUpgradeCheck = 0460;
			};
			buildConfigurationList = 010567DE17ECAF1A00315F12 /* Build configuration list for PBXProject "TableViewCrasher" */;
			compatibilityVersion = "Xcode 3.2";
			developmentRegion = English;
			hasScannedForEncodings = 0;
			knownRegions = (
				en,
			);
			mainGroup = 010567DA17ECAF1A00315F12;
			productRefGroup = 010567E417ECAF1A00315F12 /* Products */;
			projectDirPath = "";
			projectRoot = "";
			targets = (
				010567E217ECAF1A00315F12 /* TableViewCrasher */,
			);
		};
/* End PBXProject section */

/* Begin PBXResourcesBuildPhase section */
		010567E117ECAF1A00315F12 /* Resources */ = {
			isa = PBXResourcesBuildPhase;
			buildActionMask = 2147483647;
			files = (
				010567F117ECAF1A00315F12 /* InfoPlist.strings in Resources */,
				010567F917ECAF1A00315F12 /* Default.png in Resources */,
				010567FB17ECAF1A00315F12 /* Default@2x.png in Resources */,
				010567FD17ECAF1A00315F12 /* Default-568h@2x.png in Resources */,
			);
			runOnlyForDeploymentPostprocessing = 0;
		};
/* End PBXResourcesBuildPhase section */

/* Begin PBXSourcesBuildPhase section */
		010567DF17ECAF1A00315F12 /* Sources */ = {
			isa = PBXSourcesBuildPhase;
			buildActionMask = 2147483647;
			files = (
				0128CA5017FA90980004A0DC /* TIWebViewController.m in Sources */,
				010567F317ECAF1A00315F12 /* main.m in Sources */,
				010567F717ECAF1A00315F12 /* TIAppDelegate.m in Sources */,
				0105680517ECB25100315F12 /* TIMainViewController.m in Sources */,
				01BAA40D17ECB8070068451C /* TICrashTableController.m in Sources */,
				013FDC9817F5F35200778DC5 /* TIHTTPInputStream.m in Sources */,
			);
			runOnlyForDeploymentPostprocessing = 0;
		};
/* End PBXSourcesBuildPhase section */

/* Begin PBXVariantGroup section */
		010567EF17ECAF1A00315F12 /* InfoPlist.strings */ = {
			isa = PBXVariantGroup;
			children = (
				010567F017ECAF1A00315F12 /* en */,
			);
			name = InfoPlist.strings;
			sourceTree = "<group>";
		};
/* End PBXVariantGroup section */

/* Begin XCBuildConfiguration section */
		010567FE17ECAF1A00315F12 /* Debug */ = {
			isa = XCBuildConfiguration;
			buildSettings = {
				ALWAYS_SEARCH_USER_PATHS = NO;
				CLANG_CXX_LANGUAGE_STANDARD = "gnu++0x";
				CLANG_CXX_LIBRARY = "libc++";
				CLANG_ENABLE_OBJC_ARC = YES;
				CLANG_WARN_CONSTANT_CONVERSION = YES;
				CLANG_WARN_EMPTY_BODY = YES;
				CLANG_WARN_ENUM_CONVERSION = YES;
				CLANG_WARN_INT_CONVERSION = YES;
				CLANG_WARN__DUPLICATE_METHOD_MATCH = YES;
				CODE_SIGN_IDENTITY = "iPhone Developer: Russell Sayers (NFQ52P9639)";
				"CODE_SIGN_IDENTITY[sdk=iphoneos*]" = "iPhone Developer";
				COPY_PHASE_STRIP = NO;
				GCC_C_LANGUAGE_STANDARD = gnu99;
				GCC_DYNAMIC_NO_PIC = NO;
				GCC_OPTIMIZATION_LEVEL = 0;
				GCC_PREPROCESSOR_DEFINITIONS = (
					"DEBUG=1",
					"$(inherited)",
				);
				GCC_SYMBOLS_PRIVATE_EXTERN = NO;
				GCC_WARN_ABOUT_RETURN_TYPE = YES;
				GCC_WARN_UNINITIALIZED_AUTOS = YES;
				GCC_WARN_UNUSED_VARIABLE = YES;
				IPHONEOS_DEPLOYMENT_TARGET = 6.0;
				ONLY_ACTIVE_ARCH = YES;
				PROVISIONING_PROFILE = "52C83C07-B8B6-45D9-9BDC-CD976B6EAD19";
				SDKROOT = iphoneos;
				TARGETED_DEVICE_FAMILY = "1,2";
			};
			name = Debug;
		};
		010567FF17ECAF1A00315F12 /* Release */ = {
			isa = XCBuildConfiguration;
			buildSettings = {
				ALWAYS_SEARCH_USER_PATHS = NO;
				CLANG_CXX_LANGUAGE_STANDARD = "gnu++0x";
				CLANG_CXX_LIBRARY = "libc++";
				CLANG_ENABLE_OBJC_ARC = YES;
				CLANG_WARN_CONSTANT_CONVERSION = YES;
				CLANG_WARN_EMPTY_BODY = YES;
				CLANG_WARN_ENUM_CONVERSION = YES;
				CLANG_WARN_INT_CONVERSION = YES;
				CLANG_WARN__DUPLICATE_METHOD_MATCH = YES;
				CODE_SIGN_IDENTITY = "iPhone Developer: Russell Sayers (MN7XEY357S)";
				"CODE_SIGN_IDENTITY[sdk=iphoneos*]" = "iPhone Developer";
				COPY_PHASE_STRIP = YES;
				GCC_C_LANGUAGE_STANDARD = gnu99;
				GCC_WARN_ABOUT_RETURN_TYPE = YES;
				GCC_WARN_UNINITIALIZED_AUTOS = YES;
				GCC_WARN_UNUSED_VARIABLE = YES;
				IPHONEOS_DEPLOYMENT_TARGET = 6.0;
				OTHER_CFLAGS = "-DNS_BLOCK_ASSERTIONS=1";
				PROVISIONING_PROFILE = "B8FB596E-41A5-44EC-B539-89A3A166D600";
				SDKROOT = iphoneos;
				TARGETED_DEVICE_FAMILY = "1,2";
				VALIDATE_PRODUCT = YES;
			};
			name = Release;
		};
		0105680117ECAF1A00315F12 /* Debug */ = {
			isa = XCBuildConfiguration;
			buildSettings = {
				FRAMEWORK_SEARCH_PATHS = (
					"$(inherited)",
					/Users/sayersr/Documents/TestingZone/TableViewCrasher/TableViewCrasher,
				);
				GCC_PRECOMPILE_PREFIX_HEADER = YES;
				GCC_PREFIX_HEADER = "TableViewCrasher/TableViewCrasher-Prefix.pch";
				INFOPLIST_FILE = "TableViewCrasher/TableViewCrasher-Info.plist";
				OTHER_LDFLAGS = "-ObjC";
				PRODUCT_NAME = "$(TARGET_NAME)";
				WRAPPER_EXTENSION = app;
			};
			name = Debug;
		};
		0105680217ECAF1A00315F12 /* Release */ = {
			isa = XCBuildConfiguration;
			buildSettings = {
				FRAMEWORK_SEARCH_PATHS = (
					"$(inherited)",
					/Users/sayersr/Documents/TestingZone/TableViewCrasher/TableViewCrasher,
				);
				GCC_PRECOMPILE_PREFIX_HEADER = YES;
				GCC_PREFIX_HEADER = "TableViewCrasher/TableViewCrasher-Prefix.pch";
				INFOPLIST_FILE = "TableViewCrasher/TableViewCrasher-Info.plist";
				OTHER_LDFLAGS = "-ObjC";
				PRODUCT_NAME = "$(TARGET_NAME)";
				WRAPPER_EXTENSION = app;
			};
			name = Release;
		};
/* End XCBuildConfiguration section */

/* Begin XCConfigurationList section */
		010567DE17ECAF1A00315F12 /* Build configuration list for PBXProject "TableViewCrasher" */ = {
			isa = XCConfigurationList;
			buildConfigurations = (
				010567FE17ECAF1A00315F12 /* Debug */,
				010567FF17ECAF1A00315F12 /* Release */,
			);
			defaultConfigurationIsVisible = 0;
			defaultConfigurationName = Release;
		};
		0105680017ECAF1A00315F12 /* Build configuration list for PBXNativeTarget "TableViewCrasher" */ = {
			isa = XCConfigurationList;
			buildConfigurations = (
				0105680117ECAF1A00315F12 /* Debug */,
				0105680217ECAF1A00315F12 /* Release */,
			);
			defaultConfigurationIsVisible = 0;
			defaultConfigurationName = Release;
		};
/* End XCConfigurationList section */
	};
	rootObject = 010567DB17ECAF1A00315F12 /* Project object */;
}
